// !$*UTF8*$!
{
	archiveVersion = 1;
	classes = {
	};
	objectVersion = 56;
	objects = {

/* Begin PBXBuildFile section */
		4A89BB612900011900916061 /* AppDelegate.swift in Sources */ = {isa = PBXBuildFile; fileRef = 4A89BB602900011900916061 /* AppDelegate.swift */; };
		4A89BB632900011900916061 /* SceneDelegate.swift in Sources */ = {isa = PBXBuildFile; fileRef = 4A89BB622900011900916061 /* SceneDelegate.swift */; };
		4A89BB652900011900916061 /* MainTabBarViewController.swift in Sources */ = {isa = PBXBuildFile; fileRef = 4A89BB642900011900916061 /* MainTabBarViewController.swift */; };
		4A89BB6A2900011B00916061 /* Assets.xcassets in Resources */ = {isa = PBXBuildFile; fileRef = 4A89BB692900011B00916061 /* Assets.xcassets */; };
		4A89BB6D2900011B00916061 /* LaunchScreen.storyboard in Resources */ = {isa = PBXBuildFile; fileRef = 4A89BB6B2900011B00916061 /* LaunchScreen.storyboard */; };
		4A89BB762900038A00916061 /* HomeViewController.swift in Sources */ = {isa = PBXBuildFile; fileRef = 4A89BB752900038A00916061 /* HomeViewController.swift */; };
		4A89BB78290003BA00916061 /* UpcomingViewController.swift in Sources */ = {isa = PBXBuildFile; fileRef = 4A89BB77290003BA00916061 /* UpcomingViewController.swift */; };
		4A89BB7A290003E700916061 /* SearchViewController.swift in Sources */ = {isa = PBXBuildFile; fileRef = 4A89BB79290003E700916061 /* SearchViewController.swift */; };
		4A89BB7C2900040700916061 /* DownloadsViewController.swift in Sources */ = {isa = PBXBuildFile; fileRef = 4A89BB7B2900040700916061 /* DownloadsViewController.swift */; };
		4A89BB832900105B00916061 /* CollectionViewTableViewCell.swift in Sources */ = {isa = PBXBuildFile; fileRef = 4A89BB822900105B00916061 /* CollectionViewTableViewCell.swift */; };
		4A89BB8529001DB100916061 /* HeroHeaderUIView.swift in Sources */ = {isa = PBXBuildFile; fileRef = 4A89BB8429001DB100916061 /* HeroHeaderUIView.swift */; };
		4A89BB872901842D00916061 /* APICaller.swift in Sources */ = {isa = PBXBuildFile; fileRef = 4A89BB862901842D00916061 /* APICaller.swift */; };
		4A89BB892901995000916061 /* Movie.swift in Sources */ = {isa = PBXBuildFile; fileRef = 4A89BB882901995000916061 /* Movie.swift */; };
		4A89BB8B29019D4300916061 /* Extensions.swift in Sources */ = {isa = PBXBuildFile; fileRef = 4A89BB8A29019D4300916061 /* Extensions.swift */; };
		4A89BB8D2901A44500916061 /* TVShows.swift in Sources */ = {isa = PBXBuildFile; fileRef = 4A89BB8C2901A44500916061 /* TVShows.swift */; };
/* End PBXBuildFile section */

/* Begin PBXFileReference section */
		4A89BB5D2900011900916061 /* Netflix Clone.app */ = {isa = PBXFileReference; explicitFileType = wrapper.application; includeInIndex = 0; path = "Netflix Clone.app"; sourceTree = BUILT_PRODUCTS_DIR; };
		4A89BB602900011900916061 /* AppDelegate.swift */ = {isa = PBXFileReference; lastKnownFileType = sourcecode.swift; path = AppDelegate.swift; sourceTree = "<group>"; };
		4A89BB622900011900916061 /* SceneDelegate.swift */ = {isa = PBXFileReference; lastKnownFileType = sourcecode.swift; path = SceneDelegate.swift; sourceTree = "<group>"; };
		4A89BB642900011900916061 /* MainTabBarViewController.swift */ = {isa = PBXFileReference; lastKnownFileType = sourcecode.swift; path = MainTabBarViewController.swift; sourceTree = "<group>"; };
		4A89BB692900011B00916061 /* Assets.xcassets */ = {isa = PBXFileReference; lastKnownFileType = folder.assetcatalog; path = Assets.xcassets; sourceTree = "<group>"; };
		4A89BB6C2900011B00916061 /* Base */ = {isa = PBXFileReference; lastKnownFileType = file.storyboard; name = Base; path = Base.lproj/LaunchScreen.storyboard; sourceTree = "<group>"; };
		4A89BB6E2900011B00916061 /* Info.plist */ = {isa = PBXFileReference; lastKnownFileType = text.plist.xml; path = Info.plist; sourceTree = "<group>"; };
		4A89BB752900038A00916061 /* HomeViewController.swift */ = {isa = PBXFileReference; lastKnownFileType = sourcecode.swift; path = HomeViewController.swift; sourceTree = "<group>"; };
		4A89BB77290003BA00916061 /* UpcomingViewController.swift */ = {isa = PBXFileReference; lastKnownFileType = sourcecode.swift; path = UpcomingViewController.swift; sourceTree = "<group>"; };
		4A89BB79290003E700916061 /* SearchViewController.swift */ = {isa = PBXFileReference; lastKnownFileType = sourcecode.swift; path = SearchViewController.swift; sourceTree = "<group>"; };
		4A89BB7B2900040700916061 /* DownloadsViewController.swift */ = {isa = PBXFileReference; lastKnownFileType = sourcecode.swift; path = DownloadsViewController.swift; sourceTree = "<group>"; };
		4A89BB822900105B00916061 /* CollectionViewTableViewCell.swift */ = {isa = PBXFileReference; lastKnownFileType = sourcecode.swift; path = CollectionViewTableViewCell.swift; sourceTree = "<group>"; };
		4A89BB8429001DB100916061 /* HeroHeaderUIView.swift */ = {isa = PBXFileReference; lastKnownFileType = sourcecode.swift; path = HeroHeaderUIView.swift; sourceTree = "<group>"; };
		4A89BB862901842D00916061 /* APICaller.swift */ = {isa = PBXFileReference; lastKnownFileType = sourcecode.swift; path = APICaller.swift; sourceTree = "<group>"; };
		4A89BB882901995000916061 /* Movie.swift */ = {isa = PBXFileReference; lastKnownFileType = sourcecode.swift; path = Movie.swift; sourceTree = "<group>"; };
		4A89BB8A29019D4300916061 /* Extensions.swift */ = {isa = PBXFileReference; lastKnownFileType = sourcecode.swift; path = Extensions.swift; sourceTree = "<group>"; };
		4A89BB8C2901A44500916061 /* TVShows.swift */ = {isa = PBXFileReference; lastKnownFileType = sourcecode.swift; path = TVShows.swift; sourceTree = "<group>"; };
/* End PBXFileReference section */

/* Begin PBXFrameworksBuildPhase section */
		4A89BB5A2900011900916061 /* Frameworks */ = {
			isa = PBXFrameworksBuildPhase;
			buildActionMask = 2147483647;
			files = (
			);
			runOnlyForDeploymentPostprocessing = 0;
		};
/* End PBXFrameworksBuildPhase section */

/* Begin PBXGroup section */
		4A89BB542900011900916061 = {
			isa = PBXGroup;
			children = (
				4A89BB5F2900011900916061 /* Netflix Clone */,
				4A89BB5E2900011900916061 /* Products */,
			);
			sourceTree = "<group>";
		};
		4A89BB5E2900011900916061 /* Products */ = {
			isa = PBXGroup;
			children = (
				4A89BB5D2900011900916061 /* Netflix Clone.app */,
			);
			name = Products;
			sourceTree = "<group>";
		};
		4A89BB5F2900011900916061 /* Netflix Clone */ = {
			isa = PBXGroup;
			children = (
				4A89BB812900103600916061 /* Managers */,
				4A89BB802900102E00916061 /* Resources */,
				4A89BB7F2900100B00916061 /* Models */,
				4A89BB7D29000FFB00916061 /* Views */,
				4A89BB7E2900100200916061 /* ViewModels */,
				4A89BB742900034300916061 /* Controllers */,
				4A89BB602900011900916061 /* AppDelegate.swift */,
				4A89BB622900011900916061 /* SceneDelegate.swift */,
				4A89BB642900011900916061 /* MainTabBarViewController.swift */,
				4A89BB692900011B00916061 /* Assets.xcassets */,
				4A89BB6B2900011B00916061 /* LaunchScreen.storyboard */,
				4A89BB6E2900011B00916061 /* Info.plist */,
			);
			path = "Netflix Clone";
			sourceTree = "<group>";
		};
		4A89BB742900034300916061 /* Controllers */ = {
			isa = PBXGroup;
			children = (
				4A89BB752900038A00916061 /* HomeViewController.swift */,
				4A89BB77290003BA00916061 /* UpcomingViewController.swift */,
				4A89BB79290003E700916061 /* SearchViewController.swift */,
				4A89BB7B2900040700916061 /* DownloadsViewController.swift */,
			);
			path = Controllers;
			sourceTree = "<group>";
		};
		4A89BB7D29000FFB00916061 /* Views */ = {
			isa = PBXGroup;
			children = (
				4A89BB822900105B00916061 /* CollectionViewTableViewCell.swift */,
				4A89BB8429001DB100916061 /* HeroHeaderUIView.swift */,
			);
			path = Views;
			sourceTree = "<group>";
		};
		4A89BB7E2900100200916061 /* ViewModels */ = {
			isa = PBXGroup;
			children = (
			);
			path = ViewModels;
			sourceTree = "<group>";
		};
		4A89BB7F2900100B00916061 /* Models */ = {
			isa = PBXGroup;
			children = (
				4A89BB882901995000916061 /* Movie.swift */,
				4A89BB8C2901A44500916061 /* TVShows.swift */,
			);
			path = Models;
			sourceTree = "<group>";
		};
		4A89BB802900102E00916061 /* Resources */ = {
			isa = PBXGroup;
			children = (
				4A89BB8A29019D4300916061 /* Extensions.swift */,
			);
			path = Resources;
			sourceTree = "<group>";
		};
		4A89BB812900103600916061 /* Managers */ = {
			isa = PBXGroup;
			children = (
				4A89BB862901842D00916061 /* APICaller.swift */,
			);
			path = Managers;
			sourceTree = "<group>";
		};
/* End PBXGroup section */

/* Begin PBXNativeTarget section */
		4A89BB5C2900011900916061 /* Netflix Clone */ = {
			isa = PBXNativeTarget;
			buildConfigurationList = 4A89BB712900011B00916061 /* Build configuration list for PBXNativeTarget "Netflix Clone" */;
			buildPhases = (
				4A89BB592900011900916061 /* Sources */,
				4A89BB5A2900011900916061 /* Frameworks */,
				4A89BB5B2900011900916061 /* Resources */,
			);
			buildRules = (
			);
			dependencies = (
			);
			name = "Netflix Clone";
			productName = "Netflix Clone";
			productReference = 4A89BB5D2900011900916061 /* Netflix Clone.app */;
			productType = "com.apple.product-type.application";
		};
/* End PBXNativeTarget section */

/* Begin PBXProject section */
		4A89BB552900011900916061 /* Project object */ = {
			isa = PBXProject;
			attributes = {
				BuildIndependentTargetsInParallel = 1;
				LastSwiftUpdateCheck = 1400;
				LastUpgradeCheck = 1400;
				TargetAttributes = {
					4A89BB5C2900011900916061 = {
						CreatedOnToolsVersion = 14.0.1;
					};
				};
			};
			buildConfigurationList = 4A89BB582900011900916061 /* Build configuration list for PBXProject "Netflix Clone" */;
			compatibilityVersion = "Xcode 14.0";
			developmentRegion = en;
			hasScannedForEncodings = 0;
			knownRegions = (
				en,
				Base,
			);
			mainGroup = 4A89BB542900011900916061;
			productRefGroup = 4A89BB5E2900011900916061 /* Products */;
			projectDirPath = "";
			projectRoot = "";
			targets = (
				4A89BB5C2900011900916061 /* Netflix Clone */,
			);
		};
/* End PBXProject section */

/* Begin PBXResourcesBuildPhase section */
		4A89BB5B2900011900916061 /* Resources */ = {
			isa = PBXResourcesBuildPhase;
			buildActionMask = 2147483647;
			files = (
				4A89BB6D2900011B00916061 /* LaunchScreen.storyboard in Resources */,
				4A89BB6A2900011B00916061 /* Assets.xcassets in Resources */,
			);
			runOnlyForDeploymentPostprocessing = 0;
		};
/* End PBXResourcesBuildPhase section */

/* Begin PBXSourcesBuildPhase section */
		4A89BB592900011900916061 /* Sources */ = {
			isa = PBXSourcesBuildPhase;
			buildActionMask = 2147483647;
			files = (
				4A89BB7A290003E700916061 /* SearchViewController.swift in Sources */,
				4A89BB652900011900916061 /* MainTabBarViewController.swift in Sources */,
				4A89BB832900105B00916061 /* CollectionViewTableViewCell.swift in Sources */,
				4A89BB872901842D00916061 /* APICaller.swift in Sources */,
				4A89BB8529001DB100916061 /* HeroHeaderUIView.swift in Sources */,
				4A89BB7C2900040700916061 /* DownloadsViewController.swift in Sources */,
				4A89BB612900011900916061 /* AppDelegate.swift in Sources */,
				4A89BB8B29019D4300916061 /* Extensions.swift in Sources */,
				4A89BB632900011900916061 /* SceneDelegate.swift in Sources */,
				4A89BB8D2901A44500916061 /* TVShows.swift in Sources */,
				4A89BB78290003BA00916061 /* UpcomingViewController.swift in Sources */,
				4A89BB892901995000916061 /* Movie.swift in Sources */,
				4A89BB762900038A00916061 /* HomeViewController.swift in Sources */,
			);
			runOnlyForDeploymentPostprocessing = 0;
		};
/* End PBXSourcesBuildPhase section */

/* Begin PBXVariantGroup section */
		4A89BB6B2900011B00916061 /* LaunchScreen.storyboard */ = {
			isa = PBXVariantGroup;
			children = (
				4A89BB6C2900011B00916061 /* Base */,
			);
			name = LaunchScreen.storyboard;
			sourceTree = "<group>";
		};
/* End PBXVariantGroup section */

/* Begin XCBuildConfiguration section */
		4A89BB6F2900011B00916061 /* Debug */ = {
			isa = XCBuildConfiguration;
			buildSettings = {
				ALWAYS_SEARCH_USER_PATHS = NO;
				CLANG_ANALYZER_NONNULL = YES;
				CLANG_ANALYZER_NUMBER_OBJECT_CONVERSION = YES_AGGRESSIVE;
				CLANG_CXX_LANGUAGE_STANDARD = "gnu++20";
				CLANG_ENABLE_MODULES = YES;
				CLANG_ENABLE_OBJC_ARC = YES;
				CLANG_ENABLE_OBJC_WEAK = YES;
				CLANG_WARN_BLOCK_CAPTURE_AUTORELEASING = YES;
				CLANG_WARN_BOOL_CONVERSION = YES;
				CLANG_WARN_COMMA = YES;
				CLANG_WARN_CONSTANT_CONVERSION = YES;
				CLANG_WARN_DEPRECATED_OBJC_IMPLEMENTATIONS = YES;
				CLANG_WARN_DIRECT_OBJC_ISA_USAGE = YES_ERROR;
				CLANG_WARN_DOCUMENTATION_COMMENTS = YES;
				CLANG_WARN_EMPTY_BODY = YES;
				CLANG_WARN_ENUM_CONVERSION = YES;
				CLANG_WARN_INFINITE_RECURSION = YES;
				CLANG_WARN_INT_CONVERSION = YES;
				CLANG_WARN_NON_LITERAL_NULL_CONVERSION = YES;
				CLANG_WARN_OBJC_IMPLICIT_RETAIN_SELF = YES;
				CLANG_WARN_OBJC_LITERAL_CONVERSION = YES;
				CLANG_WARN_OBJC_ROOT_CLASS = YES_ERROR;
				CLANG_WARN_QUOTED_INCLUDE_IN_FRAMEWORK_HEADER = YES;
				CLANG_WARN_RANGE_LOOP_ANALYSIS = YES;
				CLANG_WARN_STRICT_PROTOTYPES = YES;
				CLANG_WARN_SUSPICIOUS_MOVE = YES;
				CLANG_WARN_UNGUARDED_AVAILABILITY = YES_AGGRESSIVE;
				CLANG_WARN_UNREACHABLE_CODE = YES;
				CLANG_WARN__DUPLICATE_METHOD_MATCH = YES;
				COPY_PHASE_STRIP = NO;
				DEBUG_INFORMATION_FORMAT = dwarf;
				ENABLE_STRICT_OBJC_MSGSEND = YES;
				ENABLE_TESTABILITY = YES;
				GCC_C_LANGUAGE_STANDARD = gnu11;
				GCC_DYNAMIC_NO_PIC = NO;
				GCC_NO_COMMON_BLOCKS = YES;
				GCC_OPTIMIZATION_LEVEL = 0;
				GCC_PREPROCESSOR_DEFINITIONS = (
					"DEBUG=1",
					"$(inherited)",
				);
				GCC_WARN_64_TO_32_BIT_CONVERSION = YES;
				GCC_WARN_ABOUT_RETURN_TYPE = YES_ERROR;
				GCC_WARN_UNDECLARED_SELECTOR = YES;
				GCC_WARN_UNINITIALIZED_AUTOS = YES_AGGRESSIVE;
				GCC_WARN_UNUSED_FUNCTION = YES;
				GCC_WARN_UNUSED_VARIABLE = YES;
				IPHONEOS_DEPLOYMENT_TARGET = 16.0;
				MTL_ENABLE_DEBUG_INFO = INCLUDE_SOURCE;
				MTL_FAST_MATH = YES;
				ONLY_ACTIVE_ARCH = YES;
				SDKROOT = iphoneos;
				SWIFT_ACTIVE_COMPILATION_CONDITIONS = DEBUG;
				SWIFT_OPTIMIZATION_LEVEL = "-Onone";
			};
			name = Debug;
		};
		4A89BB702900011B00916061 /* Release */ = {
			isa = XCBuildConfiguration;
			buildSettings = {
				ALWAYS_SEARCH_USER_PATHS = NO;
				CLANG_ANALYZER_NONNULL = YES;
				CLANG_ANALYZER_NUMBER_OBJECT_CONVERSION = YES_AGGRESSIVE;
				CLANG_CXX_LANGUAGE_STANDARD = "gnu++20";
				CLANG_ENABLE_MODULES = YES;
				CLANG_ENABLE_OBJC_ARC = YES;
				CLANG_ENABLE_OBJC_WEAK = YES;
				CLANG_WARN_BLOCK_CAPTURE_AUTORELEASING = YES;
				CLANG_WARN_BOOL_CONVERSION = YES;
				CLANG_WARN_COMMA = YES;
				CLANG_WARN_CONSTANT_CONVERSION = YES;
				CLANG_WARN_DEPRECATED_OBJC_IMPLEMENTATIONS = YES;
				CLANG_WARN_DIRECT_OBJC_ISA_USAGE = YES_ERROR;
				CLANG_WARN_DOCUMENTATION_COMMENTS = YES;
				CLANG_WARN_EMPTY_BODY = YES;
				CLANG_WARN_ENUM_CONVERSION = YES;
				CLANG_WARN_INFINITE_RECURSION = YES;
				CLANG_WARN_INT_CONVERSION = YES;
				CLANG_WARN_NON_LITERAL_NULL_CONVERSION = YES;
				CLANG_WARN_OBJC_IMPLICIT_RETAIN_SELF = YES;
				CLANG_WARN_OBJC_LITERAL_CONVERSION = YES;
				CLANG_WARN_OBJC_ROOT_CLASS = YES_ERROR;
				CLANG_WARN_QUOTED_INCLUDE_IN_FRAMEWORK_HEADER = YES;
				CLANG_WARN_RANGE_LOOP_ANALYSIS = YES;
				CLANG_WARN_STRICT_PROTOTYPES = YES;
				CLANG_WARN_SUSPICIOUS_MOVE = YES;
				CLANG_WARN_UNGUARDED_AVAILABILITY = YES_AGGRESSIVE;
				CLANG_WARN_UNREACHABLE_CODE = YES;
				CLANG_WARN__DUPLICATE_METHOD_MATCH = YES;
				COPY_PHASE_STRIP = NO;
				DEBUG_INFORMATION_FORMAT = "dwarf-with-dsym";
				ENABLE_NS_ASSERTIONS = NO;
				ENABLE_STRICT_OBJC_MSGSEND = YES;
				GCC_C_LANGUAGE_STANDARD = gnu11;
				GCC_NO_COMMON_BLOCKS = YES;
				GCC_WARN_64_TO_32_BIT_CONVERSION = YES;
				GCC_WARN_ABOUT_RETURN_TYPE = YES_ERROR;
				GCC_WARN_UNDECLARED_SELECTOR = YES;
				GCC_WARN_UNINITIALIZED_AUTOS = YES_AGGRESSIVE;
				GCC_WARN_UNUSED_FUNCTION = YES;
				GCC_WARN_UNUSED_VARIABLE = YES;
				IPHONEOS_DEPLOYMENT_TARGET = 16.0;
				MTL_ENABLE_DEBUG_INFO = NO;
				MTL_FAST_MATH = YES;
				SDKROOT = iphoneos;
				SWIFT_COMPILATION_MODE = wholemodule;
				SWIFT_OPTIMIZATION_LEVEL = "-O";
				VALIDATE_PRODUCT = YES;
			};
			name = Release;
		};
		4A89BB722900011B00916061 /* Debug */ = {
			isa = XCBuildConfiguration;
			buildSettings = {
				ASSETCATALOG_COMPILER_APPICON_NAME = AppIcon;
				ASSETCATALOG_COMPILER_GLOBAL_ACCENT_COLOR_NAME = AccentColor;
				CODE_SIGN_STYLE = Automatic;
				CURRENT_PROJECT_VERSION = 1;
				DEVELOPMENT_TEAM = PT7P5MJ9Q6;
				GENERATE_INFOPLIST_FILE = YES;
				INFOPLIST_FILE = "Netflix Clone/Info.plist";
				INFOPLIST_KEY_UIApplicationSupportsIndirectInputEvents = YES;
				INFOPLIST_KEY_UILaunchStoryboardName = LaunchScreen;
				INFOPLIST_KEY_UISupportedInterfaceOrientations_iPad = "UIInterfaceOrientationPortrait UIInterfaceOrientationPortraitUpsideDown UIInterfaceOrientationLandscapeLeft UIInterfaceOrientationLandscapeRight";
				INFOPLIST_KEY_UISupportedInterfaceOrientations_iPhone = "UIInterfaceOrientationPortrait UIInterfaceOrientationLandscapeLeft UIInterfaceOrientationLandscapeRight";
				LD_RUNPATH_SEARCH_PATHS = (
					"$(inherited)",
					"@executable_path/Frameworks",
				);
				MARKETING_VERSION = 1.0;
				PRODUCT_BUNDLE_IDENTIFIER = "com.amazon.primeae.Netflix-Clone";
				PRODUCT_NAME = "$(TARGET_NAME)";
				SWIFT_EMIT_LOC_STRINGS = YES;
				SWIFT_VERSION = 5.0;
				TARGETED_DEVICE_FAMILY = "1,2";
			};
			name = Debug;
		};
		4A89BB732900011B00916061 /* Release */ = {
			isa = XCBuildConfiguration;
			buildSettings = {
				ASSETCATALOG_COMPILER_APPICON_NAME = AppIcon;
				ASSETCATALOG_COMPILER_GLOBAL_ACCENT_COLOR_NAME = AccentColor;
				CODE_SIGN_STYLE = Automatic;
				CURRENT_PROJECT_VERSION = 1;
				DEVELOPMENT_TEAM = PT7P5MJ9Q6;
				GENERATE_INFOPLIST_FILE = YES;
				INFOPLIST_FILE = "Netflix Clone/Info.plist";
				INFOPLIST_KEY_UIApplicationSupportsIndirectInputEvents = YES;
				INFOPLIST_KEY_UILaunchStoryboardName = LaunchScreen;
				INFOPLIST_KEY_UISupportedInterfaceOrientations_iPad = "UIInterfaceOrientationPortrait UIInterfaceOrientationPortraitUpsideDown UIInterfaceOrientationLandscapeLeft UIInterfaceOrientationLandscapeRight";
				INFOPLIST_KEY_UISupportedInterfaceOrientations_iPhone = "UIInterfaceOrientationPortrait UIInterfaceOrientationLandscapeLeft UIInterfaceOrientationLandscapeRight";
				LD_RUNPATH_SEARCH_PATHS = (
					"$(inherited)",
					"@executable_path/Frameworks",
				);
				MARKETING_VERSION = 1.0;
				PRODUCT_BUNDLE_IDENTIFIER = "com.amazon.primeae.Netflix-Clone";
				PRODUCT_NAME = "$(TARGET_NAME)";
				SWIFT_EMIT_LOC_STRINGS = YES;
				SWIFT_VERSION = 5.0;
				TARGETED_DEVICE_FAMILY = "1,2";
			};
			name = Release;
		};
/* End XCBuildConfiguration section */

/* Begin XCConfigurationList section */
		4A89BB582900011900916061 /* Build configuration list for PBXProject "Netflix Clone" */ = {
			isa = XCConfigurationList;
			buildConfigurations = (
				4A89BB6F2900011B00916061 /* Debug */,
				4A89BB702900011B00916061 /* Release */,
			);
			defaultConfigurationIsVisible = 0;
			defaultConfigurationName = Release;
		};
		4A89BB712900011B00916061 /* Build configuration list for PBXNativeTarget "Netflix Clone" */ = {
			isa = XCConfigurationList;
			buildConfigurations = (
				4A89BB722900011B00916061 /* Debug */,
				4A89BB732900011B00916061 /* Release */,
			);
			defaultConfigurationIsVisible = 0;
			defaultConfigurationName = Release;
		};
/* End XCConfigurationList section */
	};
	rootObject = 4A89BB552900011900916061 /* Project object */;
}
